// !$*UTF8*$!
{
	archiveVersion = 1;
	classes = {
	};
	objectVersion = 46;
	objects = {

/* Begin PBXBuildFile section */
		31D07E222B367F941ED1DC62 /* test.c in Sources */ = {isa = PBXBuildFile; fileRef = 7B2F762A1E7AFF5C394BCC6A /* test.c */; };
		64775A6171020CD3EBE6D8A1 /* libgoahead.dylib in Frameworks */ = {isa = PBXBuildFile; fileRef = AB8329498AA0437B66A99F89 /* libgoahead.dylib */; };
/* End PBXBuildFile section */

/* Begin PBXContainerItemProxy section */
		0453CEAF5F95222132EF6CEF /* PBXContainerItemProxy */ = {
			isa = PBXContainerItemProxy;
			containerPortal = 0C53847A1E7D612C526E4ABA /* goahead-lib.xcodeproj */;
			proxyType = 2;
			remoteGlobalIDString = A43C62EB8F2888DDD70E512B;
			remoteInfo = libgoahead.dylib;
		};
		568E4148B1CF94BA8529DF88 /* PBXContainerItemProxy */ = {
			isa = PBXContainerItemProxy;
			containerPortal = 0C53847A1E7D612C526E4ABA /* goahead-lib.xcodeproj */;
			proxyType = 1;
			remoteGlobalIDString = A23E0971C86439232F6B2FB1;
			remoteInfo = libgoahead.dylib;
		};
/* End PBXContainerItemProxy section */

/* Begin PBXFileReference section */
		0C53847A1E7D612C526E4ABA /* libgoahead.dylib */ = {isa = PBXFileReference; lastKnownFileType = "wrapper.pb-project"; name = goahead-lib.xcodeproj; path = "goahead-lib.xcodeproj"; sourceTree = SOURCE_ROOT; };
		2B9E219F2C511E91A032EFDF /* goahead-test */ = {isa = PBXFileReference; explicitFileType = "compiled.mach-o.executable"; includeInIndex = 0; name = "goahead-test"; path = "goahead-test"; sourceTree = BUILT_PRODUCTS_DIR; };
		7B2F762A1E7AFF5C394BCC6A /* test.c */ = {isa = PBXFileReference; lastKnownFileType = sourcecode.c.c; name = test.c; path = ../../src/test.c; sourceTree = "<group>"; };
/* End PBXFileReference section */

/* Begin PBXFrameworksBuildPhase section */
		C99A1F8FF84073815181CDCF /* Frameworks */ = {
			isa = PBXFrameworksBuildPhase;
			buildActionMask = 2147483647;
			files = (
				64775A6171020CD3EBE6D8A1 /* libgoahead.dylib in Frameworks */,
			);
			runOnlyForDeploymentPostprocessing = 0;
		};
/* End PBXFrameworksBuildPhase section */

/* Begin PBXCopyFilesBuildPhase section */
		6E6B8FBBDFF6A82D8EF7CDFB /* Embed Libraries */ = {
			isa = PBXCopyFilesBuildPhase;
			buildActionMask = 2147483647;
			dstPath = "";
			dstSubfolderSpec = 10;
			files = (
			);
			name = "Embed Libraries";
			runOnlyForDeploymentPostprocessing = 0;
		};
/* End PBXCopyFilesBuildPhase section */

/* Begin PBXGroup section */
		4B3CC20F6D086F41A9BD984F /* Products */ = {
			isa = PBXGroup;
			children = (
				AB8329498AA0437B66A99F89 /* libgoahead.dylib */,
			);
			name = Products;
			sourceTree = "<group>";
		};
		73C649D620290A08DEB18016 /* goahead-test */ = {
			isa = PBXGroup;
			children = (
				7B2F762A1E7AFF5C394BCC6A /* test.c */,
				A6C936B49B3FADE6EA134CF4 /* Products */,
				9D968EAA920D05DCE0E0A4EA /* Projects */,
			);
			name = "goahead-test";
			sourceTree = "<group>";
		};
		9D968EAA920D05DCE0E0A4EA /* Projects */ = {
			isa = PBXGroup;
			children = (
				0C53847A1E7D612C526E4ABA /* goahead-lib.xcodeproj */,
				0C53847A1E7D612C526E4ABA /* goahead-lib.xcodeproj */,
			);
			name = Projects;
			sourceTree = "<group>";
		};
		A6C936B49B3FADE6EA134CF4 /* Products */ = {
			isa = PBXGroup;
			children = (
				2B9E219F2C511E91A032EFDF /* goahead-test */,
			);
			name = Products;
			sourceTree = "<group>";
		};
/* End PBXGroup section */

/* Begin PBXNativeTarget section */
		6848C1A50B36E8579A5CC7E5 /* goahead-test */ = {
			isa = PBXNativeTarget;
			buildConfigurationList = B7D567EEE67BBBE03FBD162E /* Build configuration list for PBXNativeTarget "goahead-test" */;
			buildPhases = (
				3981A02F6827F421C1694E6F /* Resources */,
				A32EB986D1D50D782B1667C6 /* Sources */,
				C99A1F8FF84073815181CDCF /* Frameworks */,
				6E6B8FBBDFF6A82D8EF7CDFB /* Embed Libraries */,
			);
			buildRules = (
			);
			dependencies = (
				38F4FF185AC0AC4A9775D558 /* PBXTargetDependency */,
				38F4FF185AC0AC4A9775D558 /* PBXTargetDependency */,
			);
			name = "goahead-test";
			productInstallPath = "$(HOME)/bin";
			productName = "goahead-test";
			productReference = 2B9E219F2C511E91A032EFDF /* goahead-test */;
			productType = "com.apple.product-type.tool";
		};
/* End PBXNativeTarget section */

/* Begin PBXProject section */
		08FB7793FE84155DC02AAC07 /* Project object */ = {
			isa = PBXProject;
			buildConfigurationList = 1DEB928908733DD80010E9CD /* Build configuration list for PBXProject "goahead-test" */;
			compatibilityVersion = "Xcode 3.2";
			hasScannedForEncodings = 1;
			mainGroup = 73C649D620290A08DEB18016 /* goahead-test */;
			projectDirPath = "";
			projectReferences = (
				{
					ProductGroup = 4B3CC20F6D086F41A9BD984F /* Products */;
					ProjectRef = 0C53847A1E7D612C526E4ABA /* goahead-lib.xcodeproj */;
				},
				{
					ProductGroup = 4B3CC20F6D086F41A9BD984F /* Products */;
					ProjectRef = 0C53847A1E7D612C526E4ABA /* goahead-lib.xcodeproj */;
				},
			);
			projectRoot = "";
			targets = (
				6848C1A50B36E8579A5CC7E5 /* goahead-test */,
			);
		};
/* End PBXProject section */

/* Begin PBXReferenceProxy section */
		AB8329498AA0437B66A99F89 /* libgoahead.dylib */ = {
			isa = PBXReferenceProxy;
			fileType = "compiled.mach-o.dylib";
			path = libgoahead.dylib;
			remoteRef = 0453CEAF5F95222132EF6CEF /* PBXContainerItemProxy */;
			sourceTree = BUILT_PRODUCTS_DIR;
		};
/* End PBXReferenceProxy section */

/* Begin PBXResourcesBuildPhase section */
		3981A02F6827F421C1694E6F /* Resources */ = {
			isa = PBXResourcesBuildPhase;
			buildActionMask = 2147483647;
			files = (
			);
			runOnlyForDeploymentPostprocessing = 0;
		};
/* End PBXResourcesBuildPhase section */

/* Begin PBXSourcesBuildPhase section */
		A32EB986D1D50D782B1667C6 /* Sources */ = {
			isa = PBXSourcesBuildPhase;
			buildActionMask = 2147483647;
			files = (
				31D07E222B367F941ED1DC62 /* test.c in Sources */,
			);
			runOnlyForDeploymentPostprocessing = 0;
		};
/* End PBXSourcesBuildPhase section */

/* Begin PBXTargetDependency section */
		38F4FF185AC0AC4A9775D558 /* PBXTargetDependency */ = {
			isa = PBXTargetDependency;
			name = libgoahead.dylib;
			targetProxy = 568E4148B1CF94BA8529DF88 /* PBXContainerItemProxy */;
		};
/* End PBXTargetDependency section */

/* Begin PBXVariantGroup section */
/* End PBXVariantGroup section */

/* Begin XCBuildConfiguration section */
		83A479CEDEE5CD40B240180E /* release */ = {
			isa = XCBuildConfiguration;
			buildSettings = {
				ALWAYS_SEARCH_USER_PATHS = NO;
				CONFIGURATION_BUILD_DIR = ../../build/bin;
				GCC_DYNAMIC_NO_PIC = NO;
				INSTALL_PATH = /usr/local/bin;
				PRODUCT_NAME = "goahead-test";
			};
			name = release;
		};
		899399D4B92568C69432A814 /* debug */ = {
			isa = XCBuildConfiguration;
			buildSettings = {
				ALWAYS_SEARCH_USER_PATHS = NO;
				CONFIGURATION_BUILD_DIR = ../../build/bin;
				DEBUG_INFORMATION_FORMAT = "dwarf-with-dsym";
				GCC_DYNAMIC_NO_PIC = NO;
				INSTALL_PATH = /usr/local/bin;
				PRODUCT_NAME = "goahead-test";
			};
			name = debug;
		};
		B1510ABFB20407B125E5D8FF /* release */ = {
			isa = XCBuildConfiguration;
			buildSettings = {
				CONFIGURATION_BUILD_DIR = "$(SYMROOT)";
				CONFIGURATION_TEMP_DIR = "$(OBJROOT)";
				GCC_C_LANGUAGE_STANDARD = gnu11;
				GCC_OPTIMIZATION_LEVEL = 3;
				GCC_PREPROCESSOR_DEFINITIONS = (
					"ME_VERSION=\\\"6.1.1\\\"",
					"ME_COM_OPENSSL=1",
					"ME_COM_MBEDTLS=0",
					"ME_COM_SSL=1",
					"ME_COM_OPENSSL_PATH=\\\"/opt/homebrew\\\"",
					"ME_COM_MBEDTLS_PATH=\\\"/usr\\\"",
				);
				GCC_SYMBOLS_PRIVATE_EXTERN = NO;
				GCC_WARN_ABOUT_RETURN_TYPE = YES;
				GCC_WARN_UNUSED_VARIABLE = YES;
				LD_RUNPATH_SEARCH_PATHS = (
					"@loader_path/.",
				);
				LIBRARY_SEARCH_PATHS = (
					../../build/bin,
				);
				OBJROOT = "../../build/obj/goahead-test-macosx-release";
				ONLY_ACTIVE_ARCH = NO;
				OTHER_CFLAGS = (
					"-Wno-sign-conversion",
					"-Wno-unused-parameter",
					"-Wno-unused-result",
					"-Wshorten-64-to-32",
					"-Wall",
					"-Wno-unknown-warning-option",
					"-fstack-protector",
					"--param=ssp-buffer-size=4",
					"-Wformat",
					"-Wformat-security",
					"-Wsign-compare",
				);
				OTHER_LDFLAGS = (
					"-ldl",
					"-lpthread",
					"-lm",
					"-lpam",
					"-s",
					"-Wl,-no_warn_duplicate_libraries",
					"-Wl,-rpath,@executable_path/",
					"-Wl,-rpath,@loader_path/",
				);
				SYMROOT = ../../build/bin;
				USER_HEADER_SEARCH_PATHS = (
					../../src,
					../../src/osdep,
					/opt/homebrew/include,
				);
				WARNING_CFLAGS = "-Wall -Wextra";
			};
			name = release;
		};
		BD694B452EF463B7DDF58985 /* debug */ = {
			isa = XCBuildConfiguration;
			buildSettings = {
				CONFIGURATION_BUILD_DIR = "$(SYMROOT)";
				CONFIGURATION_TEMP_DIR = "$(OBJROOT)";
				COPY_PHASE_STRIP = NO;
				GCC_C_LANGUAGE_STANDARD = gnu11;
				GCC_ENABLE_FIX_AND_CONTINUE = YES;
				GCC_OPTIMIZATION_LEVEL = 0;
				GCC_PREPROCESSOR_DEFINITIONS = (
					"ME_VERSION=\\\"6.1.1\\\"",
					"ME_COM_OPENSSL=1",
					"ME_COM_MBEDTLS=0",
					"ME_COM_SSL=1",
					"ME_COM_OPENSSL_PATH=\\\"/opt/homebrew\\\"",
					"ME_COM_MBEDTLS_PATH=\\\"/usr\\\"",
					"ME_DEBUG=1",
				);
				GCC_SYMBOLS_PRIVATE_EXTERN = NO;
				GCC_WARN_ABOUT_RETURN_TYPE = YES;
				GCC_WARN_UNUSED_VARIABLE = YES;
				LD_RUNPATH_SEARCH_PATHS = (
					"@loader_path/.",
				);
				LIBRARY_SEARCH_PATHS = (
					../../build/bin,
				);
				OBJROOT = "../../build/obj/goahead-test-macosx-debug";
				ONLY_ACTIVE_ARCH = YES;
				OTHER_CFLAGS = (
					"-Wno-sign-conversion",
					"-Wno-unused-parameter",
					"-Wno-unused-result",
					"-Wshorten-64-to-32",
					"-Wall",
					"-Wno-unknown-warning-option",
					"-fstack-protector",
					"--param=ssp-buffer-size=4",
					"-Wformat",
					"-Wformat-security",
					"-Wsign-compare",
				);
				OTHER_LDFLAGS = (
					"-ldl",
					"-lpthread",
					"-lm",
					"-lpam",
					"-g",
					"-Wl,-no_warn_duplicate_libraries",
					"-Wl,-rpath,@executable_path/",
					"-Wl,-rpath,@loader_path/",
				);
				SYMROOT = ../../build/bin;
				USER_HEADER_SEARCH_PATHS = (
					../../src,
					../../src/osdep,
					/opt/homebrew/include,
				);
				WARNING_CFLAGS = "-Wall -Wextra";
			};
			name = debug;
		};
/* End XCBuildConfiguration section */

/* Begin XCConfigurationList section */
		1DEB928908733DD80010E9CD /* Build configuration list for PBXProject "goahead-test" */ = {
			isa = XCConfigurationList;
			buildConfigurations = (
				BD694B452EF463B7DDF58985 /* debug */,
				B1510ABFB20407B125E5D8FF /* release */,
			);
			defaultConfigurationIsVisible = 0;
			defaultConfigurationName = debug;
		};
		B7D567EEE67BBBE03FBD162E /* Build configuration list for PBXNativeTarget "goahead-test" */ = {
			isa = XCConfigurationList;
			buildConfigurations = (
				899399D4B92568C69432A814 /* debug */,
				83A479CEDEE5CD40B240180E /* release */,
			);
			defaultConfigurationIsVisible = 0;
			defaultConfigurationName = debug;
		};
/* End XCConfigurationList section */
};
rootObject = 08FB7793FE84155DC02AAC07 /* Project object */;
}